
Microsoft Visual Studio Solution File, Format Version 12.00
# Visual Studio Version 17
VisualStudioVersion = 17.8.34511.84
MinimumVisualStudioVersion = 10.0.40219.1
Project("{FAE04EC0-301F-11D3-BF4B-00C04F79EFBC}") = "ConsolaoProject", "ConsolaoProject.csproj", "{CD695BD7-4874-4DBC-AA52-4023BB6FF3EB}"
EndProject
Project("{FAE04EC0-301F-11D3-BF4B-00C04F79EFBC}") = "Consolao.Test", "..\Consolao.Test\Consolao.Test.csproj", "{A4E2A811-5B13-4A63-8895-DF433AD1A278}"
EndProject
Global
	GlobalSection(SolutionConfigurationPlatforms) = preSolution
		Debug|Any CPU = Debug|Any CPU
		Release|Any CPU = Release|Any CPU
	EndGlobalSection
	GlobalSection(ProjectConfigurationPlatforms) = postSolution
		{CD695BD7-4874-4DBC-AA52-4023BB6FF3EB}.Debug|Any CPU.ActiveCfg = Debug|Any CPU
		{CD695BD7-4874-4DBC-AA52-4023BB6FF3EB}.Debug|Any CPU.Build.0 = Debug|Any CPU
		{CD695BD7-4874-4DBC-AA52-4023BB6FF3EB}.Release|Any CPU.ActiveCfg = Release|Any CPU
		{CD695BD7-4874-4DBC-AA52-4023BB6FF3EB}.Release|Any CPU.Build.0 = Release|Any CPU
		{A4E2A811-5B13-4A63-8895-DF433AD1A278}.Debug|Any CPU.ActiveCfg = Debug|Any CPU
		{A4E2A811-5B13-4A63-8895-DF433AD1A278}.Debug|Any CPU.Build.0 = Debug|Any CPU
		{A4E2A811-5B13-4A63-8895-DF433AD1A278}.Release|Any CPU.ActiveCfg = Release|Any CPU
		{A4E2A811-5B13-4A63-8895-DF433AD1A278}.Release|Any CPU.Build.0 = Release|Any CPU
	EndGlobalSection
	GlobalSection(SolutionProperties) = preSolution
		HideSolutionNode = FALSE
	EndGlobalSection
	GlobalSection(ExtensibilityGlobals) = postSolution
		SolutionGuid = {09074DCF-06A1-4712-80F4-836383C667CC}
	EndGlobalSection
EndGlobal
