
Microsoft Visual Studio Solution File, Format Version 12.00
# Visual Studio Version 17
VisualStudioVersion = 17.8.34511.84
MinimumVisualStudioVersion = 10.0.40219.1
Project("{9A19103F-16F7-4668-BE54-9A1E7A4F7556}") = "Exercicio_3-solucao", "Exercicio_3-solucao.csproj", "{7DFD0A50-5351-4BFA-9277-5FFC23E0C249}"
EndProject
Project("{FAE04EC0-301F-11D3-BF4B-00C04F79EFBC}") = "Exercicio_3.Test", "..\Exercicio_3.Test\Exercicio_3.Test.csproj", "{9B8D3B15-B842-41B9-91DA-1FAC6443C4D4}"
EndProject
Global
	GlobalSection(SolutionConfigurationPlatforms) = preSolution
		Debug|Any CPU = Debug|Any CPU
		Release|Any CPU = Release|Any CPU
	EndGlobalSection
	GlobalSection(ProjectConfigurationPlatforms) = postSolution
		{7DFD0A50-5351-4BFA-9277-5FFC23E0C249}.Debug|Any CPU.ActiveCfg = Debug|Any CPU
		{7DFD0A50-5351-4BFA-9277-5FFC23E0C249}.Debug|Any CPU.Build.0 = Debug|Any CPU
		{7DFD0A50-5351-4BFA-9277-5FFC23E0C249}.Release|Any CPU.ActiveCfg = Release|Any CPU
		{7DFD0A50-5351-4BFA-9277-5FFC23E0C249}.Release|Any CPU.Build.0 = Release|Any CPU
		{9B8D3B15-B842-41B9-91DA-1FAC6443C4D4}.Debug|Any CPU.ActiveCfg = Debug|Any CPU
		{9B8D3B15-B842-41B9-91DA-1FAC6443C4D4}.Debug|Any CPU.Build.0 = Debug|Any CPU
		{9B8D3B15-B842-41B9-91DA-1FAC6443C4D4}.Release|Any CPU.ActiveCfg = Release|Any CPU
		{9B8D3B15-B842-41B9-91DA-1FAC6443C4D4}.Release|Any CPU.Build.0 = Release|Any CPU
	EndGlobalSection
	GlobalSection(SolutionProperties) = preSolution
		HideSolutionNode = FALSE
	EndGlobalSection
	GlobalSection(ExtensibilityGlobals) = postSolution
		SolutionGuid = {0B428AC3-96FA-479F-974B-5D3CFCE7F2E8}
	EndGlobalSection
EndGlobal
